
Microsoft Visual Studio Solution File, Format Version 12.00
# Visual Studio 15
VisualStudioVersion = 15.0.27130.2027
MinimumVisualStudioVersion = 10.0.40219.1
Project("{9A19103F-16F7-4668-BE54-9A1E7A4F7556}") = "User.Api", "User.Api\User.Api.csproj", "{B40700C2-BCB4-465F-8C23-DFC665E17631}"
EndProject
Project("{9A19103F-16F7-4668-BE54-9A1E7A4F7556}") = "User.Api.UnitTests", "User.Api.UnitTests\User.Api.UnitTests.csproj", "{21240A86-52D8-44C0-A7C3-1672F4E83A66}"
EndProject
Project("{9A19103F-16F7-4668-BE54-9A1E7A4F7556}") = "User.Identity", "User.Identity\User.Identity.csproj", "{04D2029B-F017-456F-8CD5-025435A9091A}"
EndProject
Project("{FAE04EC0-301F-11D3-BF4B-00C04F79EFBC}") = "Api.Gateway", "Api.Gateway\Api.Gateway.csproj", "{8DDD8EDB-798F-456F-97E9-EE3713B626D9}"
EndProject
Global
	GlobalSection(SolutionConfigurationPlatforms) = preSolution
		Debug|Any CPU = Debug|Any CPU
		Release|Any CPU = Release|Any CPU
	EndGlobalSection
	GlobalSection(ProjectConfigurationPlatforms) = postSolution
		{B40700C2-BCB4-465F-8C23-DFC665E17631}.Debug|Any CPU.ActiveCfg = Debug|Any CPU
		{B40700C2-BCB4-465F-8C23-DFC665E17631}.Debug|Any CPU.Build.0 = Debug|Any CPU
		{B40700C2-BCB4-465F-8C23-DFC665E17631}.Release|Any CPU.ActiveCfg = Release|Any CPU
		{B40700C2-BCB4-465F-8C23-DFC665E17631}.Release|Any CPU.Build.0 = Release|Any CPU
		{21240A86-52D8-44C0-A7C3-1672F4E83A66}.Debug|Any CPU.ActiveCfg = Debug|Any CPU
		{21240A86-52D8-44C0-A7C3-1672F4E83A66}.Debug|Any CPU.Build.0 = Debug|Any CPU
		{21240A86-52D8-44C0-A7C3-1672F4E83A66}.Release|Any CPU.ActiveCfg = Release|Any CPU
		{21240A86-52D8-44C0-A7C3-1672F4E83A66}.Release|Any CPU.Build.0 = Release|Any CPU
		{04D2029B-F017-456F-8CD5-025435A9091A}.Debug|Any CPU.ActiveCfg = Debug|Any CPU
		{04D2029B-F017-456F-8CD5-025435A9091A}.Debug|Any CPU.Build.0 = Debug|Any CPU
		{04D2029B-F017-456F-8CD5-025435A9091A}.Release|Any CPU.ActiveCfg = Release|Any CPU
		{04D2029B-F017-456F-8CD5-025435A9091A}.Release|Any CPU.Build.0 = Release|Any CPU
		{8DDD8EDB-798F-456F-97E9-EE3713B626D9}.Debug|Any CPU.ActiveCfg = Debug|Any CPU
		{8DDD8EDB-798F-456F-97E9-EE3713B626D9}.Debug|Any CPU.Build.0 = Debug|Any CPU
		{8DDD8EDB-798F-456F-97E9-EE3713B626D9}.Release|Any CPU.ActiveCfg = Release|Any CPU
		{8DDD8EDB-798F-456F-97E9-EE3713B626D9}.Release|Any CPU.Build.0 = Release|Any CPU
	EndGlobalSection
	GlobalSection(SolutionProperties) = preSolution
		HideSolutionNode = FALSE
	EndGlobalSection
	GlobalSection(ExtensibilityGlobals) = postSolution
		SolutionGuid = {6AE2EF39-E0DC-43AB-864D-EBA70E8A0AFC}
	EndGlobalSection
EndGlobal
